// !$*UTF8*$!
{
	archiveVersion = 1;
	classes = {
	};
	objectVersion = 50;
	objects = {

/* Begin PBXBuildFile section */
		EF942A8D2394566D00FEA358 /* AppDelegate.swift in Sources */ = {isa = PBXBuildFile; fileRef = EF942A8C2394566D00FEA358 /* AppDelegate.swift */; };
		EF942A8F2394566D00FEA358 /* SceneDelegate.swift in Sources */ = {isa = PBXBuildFile; fileRef = EF942A8E2394566D00FEA358 /* SceneDelegate.swift */; };
		EF942A912394566D00FEA358 /* Home.swift in Sources */ = {isa = PBXBuildFile; fileRef = EF942A902394566D00FEA358 /* Home.swift */; };
		EF942A932394567300FEA358 /* Assets.xcassets in Resources */ = {isa = PBXBuildFile; fileRef = EF942A922394567300FEA358 /* Assets.xcassets */; };
		EF942A962394567300FEA358 /* Preview Assets.xcassets in Resources */ = {isa = PBXBuildFile; fileRef = EF942A952394567300FEA358 /* Preview Assets.xcassets */; };
		EF942A992394567300FEA358 /* LaunchScreen.storyboard in Resources */ = {isa = PBXBuildFile; fileRef = EF942A972394567300FEA358 /* LaunchScreen.storyboard */; };
		EF942AA12394573C00FEA358 /* TabBar.swift in Sources */ = {isa = PBXBuildFile; fileRef = EF942AA02394573C00FEA358 /* TabBar.swift */; };
		EF942AA32394576E00FEA358 /* Profile.swift in Sources */ = {isa = PBXBuildFile; fileRef = EF942AA22394576E00FEA358 /* Profile.swift */; };
		EF942AA5239457C000FEA358 /* LineDivider.swift in Sources */ = {isa = PBXBuildFile; fileRef = EF942AA4239457C000FEA358 /* LineDivider.swift */; };
		EF942AA7239457F200FEA358 /* ImagePicker.swift in Sources */ = {isa = PBXBuildFile; fileRef = EF942AA6239457F200FEA358 /* ImagePicker.swift */; };
		EF942AA92394584A00FEA358 /* UserViewModel.swift in Sources */ = {isa = PBXBuildFile; fileRef = EF942AA82394584A00FEA358 /* UserViewModel.swift */; };
/* End PBXBuildFile section */

/* Begin PBXFileReference section */
		EF942A892394566D00FEA358 /* Test.app */ = {isa = PBXFileReference; explicitFileType = wrapper.application; includeInIndex = 0; path = Test.app; sourceTree = BUILT_PRODUCTS_DIR; };
		EF942A8C2394566D00FEA358 /* AppDelegate.swift */ = {isa = PBXFileReference; lastKnownFileType = sourcecode.swift; path = AppDelegate.swift; sourceTree = "<group>"; };
		EF942A8E2394566D00FEA358 /* SceneDelegate.swift */ = {isa = PBXFileReference; lastKnownFileType = sourcecode.swift; path = SceneDelegate.swift; sourceTree = "<group>"; };
		EF942A902394566D00FEA358 /* Home.swift */ = {isa = PBXFileReference; lastKnownFileType = sourcecode.swift; path = Home.swift; sourceTree = "<group>"; };
		EF942A922394567300FEA358 /* Assets.xcassets */ = {isa = PBXFileReference; lastKnownFileType = folder.assetcatalog; path = Assets.xcassets; sourceTree = "<group>"; };
		EF942A952394567300FEA358 /* Preview Assets.xcassets */ = {isa = PBXFileReference; lastKnownFileType = folder.assetcatalog; path = "Preview Assets.xcassets"; sourceTree = "<group>"; };
		EF942A982394567300FEA358 /* Base */ = {isa = PBXFileReference; lastKnownFileType = file.storyboard; name = Base; path = Base.lproj/LaunchScreen.storyboard; sourceTree = "<group>"; };
		EF942A9A2394567300FEA358 /* Info.plist */ = {isa = PBXFileReference; lastKnownFileType = text.plist.xml; path = Info.plist; sourceTree = "<group>"; };
		EF942AA02394573C00FEA358 /* TabBar.swift */ = {isa = PBXFileReference; lastKnownFileType = sourcecode.swift; path = TabBar.swift; sourceTree = "<group>"; };
		EF942AA22394576E00FEA358 /* Profile.swift */ = {isa = PBXFileReference; lastKnownFileType = sourcecode.swift; path = Profile.swift; sourceTree = "<group>"; };
		EF942AA4239457C000FEA358 /* LineDivider.swift */ = {isa = PBXFileReference; lastKnownFileType = sourcecode.swift; path = LineDivider.swift; sourceTree = "<group>"; };
		EF942AA6239457F200FEA358 /* ImagePicker.swift */ = {isa = PBXFileReference; lastKnownFileType = sourcecode.swift; path = ImagePicker.swift; sourceTree = "<group>"; };
		EF942AA82394584A00FEA358 /* UserViewModel.swift */ = {isa = PBXFileReference; lastKnownFileType = sourcecode.swift; path = UserViewModel.swift; sourceTree = "<group>"; };
/* End PBXFileReference section */

/* Begin PBXFrameworksBuildPhase section */
		EF942A862394566D00FEA358 /* Frameworks */ = {
			isa = PBXFrameworksBuildPhase;
			buildActionMask = 2147483647;
			files = (
			);
			runOnlyForDeploymentPostprocessing = 0;
		};
/* End PBXFrameworksBuildPhase section */

/* Begin PBXGroup section */
		EF942A802394566D00FEA358 = {
			isa = PBXGroup;
			children = (
				EF942A8B2394566D00FEA358 /* Test */,
				EF942A8A2394566D00FEA358 /* Products */,
			);
			sourceTree = "<group>";
		};
		EF942A8A2394566D00FEA358 /* Products */ = {
			isa = PBXGroup;
			children = (
				EF942A892394566D00FEA358 /* Test.app */,
			);
			name = Products;
			sourceTree = "<group>";
		};
		EF942A8B2394566D00FEA358 /* Test */ = {
			isa = PBXGroup;
			children = (
				EF942A8C2394566D00FEA358 /* AppDelegate.swift */,
				EF942A8E2394566D00FEA358 /* SceneDelegate.swift */,
				EF942A902394566D00FEA358 /* Home.swift */,
				EF942AA02394573C00FEA358 /* TabBar.swift */,
				EF942AA22394576E00FEA358 /* Profile.swift */,
				EF942AA4239457C000FEA358 /* LineDivider.swift */,
				EF942AA6239457F200FEA358 /* ImagePicker.swift */,
				EF942AA82394584A00FEA358 /* UserViewModel.swift */,
				EF942A922394567300FEA358 /* Assets.xcassets */,
				EF942A972394567300FEA358 /* LaunchScreen.storyboard */,
				EF942A9A2394567300FEA358 /* Info.plist */,
				EF942A942394567300FEA358 /* Preview Content */,
			);
			path = Test;
			sourceTree = "<group>";
		};
		EF942A942394567300FEA358 /* Preview Content */ = {
			isa = PBXGroup;
			children = (
				EF942A952394567300FEA358 /* Preview Assets.xcassets */,
			);
			path = "Preview Content";
			sourceTree = "<group>";
		};
/* End PBXGroup section */

/* Begin PBXNativeTarget section */
		EF942A882394566D00FEA358 /* Test */ = {
			isa = PBXNativeTarget;
			buildConfigurationList = EF942A9D2394567300FEA358 /* Build configuration list for PBXNativeTarget "Test" */;
			buildPhases = (
				EF942A852394566D00FEA358 /* Sources */,
				EF942A862394566D00FEA358 /* Frameworks */,
				EF942A872394566D00FEA358 /* Resources */,
			);
			buildRules = (
			);
			dependencies = (
			);
			name = Test;
			productName = Test;
			productReference = EF942A892394566D00FEA358 /* Test.app */;
			productType = "com.apple.product-type.application";
		};
/* End PBXNativeTarget section */

/* Begin PBXProject section */
		EF942A812394566D00FEA358 /* Project object */ = {
			isa = PBXProject;
			attributes = {
				LastSwiftUpdateCheck = 1120;
				LastUpgradeCheck = 1120;
				ORGANIZATIONNAME = "Cory Traxler";
				TargetAttributes = {
					EF942A882394566D00FEA358 = {
						CreatedOnToolsVersion = 11.2.1;
					};
				};
			};
			buildConfigurationList = EF942A842394566D00FEA358 /* Build configuration list for PBXProject "Test" */;
			compatibilityVersion = "Xcode 9.3";
			developmentRegion = en;
			hasScannedForEncodings = 0;
			knownRegions = (
				en,
				Base,
			);
			mainGroup = EF942A802394566D00FEA358;
			productRefGroup = EF942A8A2394566D00FEA358 /* Products */;
			projectDirPath = "";
			projectRoot = "";
			targets = (
				EF942A882394566D00FEA358 /* Test */,
			);
		};
/* End PBXProject section */

/* Begin PBXResourcesBuildPhase section */
		EF942A872394566D00FEA358 /* Resources */ = {
			isa = PBXResourcesBuildPhase;
			buildActionMask = 2147483647;
			files = (
				EF942A992394567300FEA358 /* LaunchScreen.storyboard in Resources */,
				EF942A962394567300FEA358 /* Preview Assets.xcassets in Resources */,
				EF942A932394567300FEA358 /* Assets.xcassets in Resources */,
			);
			runOnlyForDeploymentPostprocessing = 0;
		};
/* End PBXResourcesBuildPhase section */

/* Begin PBXSourcesBuildPhase section */
		EF942A852394566D00FEA358 /* Sources */ = {
			isa = PBXSourcesBuildPhase;
			buildActionMask = 2147483647;
			files = (
				EF942A8D2394566D00FEA358 /* AppDelegate.swift in Sources */,
				EF942AA92394584A00FEA358 /* UserViewModel.swift in Sources */,
				EF942AA5239457C000FEA358 /* LineDivider.swift in Sources */,
				EF942AA32394576E00FEA358 /* Profile.swift in Sources */,
				EF942AA7239457F200FEA358 /* ImagePicker.swift in Sources */,
				EF942A8F2394566D00FEA358 /* SceneDelegate.swift in Sources */,
				EF942A912394566D00FEA358 /* Home.swift in Sources */,
				EF942AA12394573C00FEA358 /* TabBar.swift in Sources */,
			);
			runOnlyForDeploymentPostprocessing = 0;
		};
/* End PBXSourcesBuildPhase section */

/* Begin PBXVariantGroup section */
		EF942A972394567300FEA358 /* LaunchScreen.storyboard */ = {
			isa = PBXVariantGroup;
			children = (
				EF942A982394567300FEA358 /* Base */,
			);
			name = LaunchScreen.storyboard;
			sourceTree = "<group>";
		};
/* End PBXVariantGroup section */

/* Begin XCBuildConfiguration section */
		EF942A9B2394567300FEA358 /* Debug */ = {
			isa = XCBuildConfiguration;
			buildSettings = {
				ALWAYS_SEARCH_USER_PATHS = NO;
				CLANG_ANALYZER_NONNULL = YES;
				CLANG_ANALYZER_NUMBER_OBJECT_CONVERSION = YES_AGGRESSIVE;
				CLANG_CXX_LANGUAGE_STANDARD = "gnu++14";
				CLANG_CXX_LIBRARY = "libc++";
				CLANG_ENABLE_MODULES = YES;
				CLANG_ENABLE_OBJC_ARC = YES;
				CLANG_ENABLE_OBJC_WEAK = YES;
				CLANG_WARN_BLOCK_CAPTURE_AUTORELEASING = YES;
				CLANG_WARN_BOOL_CONVERSION = YES;
				CLANG_WARN_COMMA = YES;
				CLANG_WARN_CONSTANT_CONVERSION = YES;
				CLANG_WARN_DEPRECATED_OBJC_IMPLEMENTATIONS = YES;
				CLANG_WARN_DIRECT_OBJC_ISA_USAGE = YES_ERROR;
				CLANG_WARN_DOCUMENTATION_COMMENTS = YES;
				CLANG_WARN_EMPTY_BODY = YES;
				CLANG_WARN_ENUM_CONVERSION = YES;
				CLANG_WARN_INFINITE_RECURSION = YES;
				CLANG_WARN_INT_CONVERSION = YES;
				CLANG_WARN_NON_LITERAL_NULL_CONVERSION = YES;
				CLANG_WARN_OBJC_IMPLICIT_RETAIN_SELF = YES;
				CLANG_WARN_OBJC_LITERAL_CONVERSION = YES;
				CLANG_WARN_OBJC_ROOT_CLASS = YES_ERROR;
				CLANG_WARN_RANGE_LOOP_ANALYSIS = YES;
				CLANG_WARN_STRICT_PROTOTYPES = YES;
				CLANG_WARN_SUSPICIOUS_MOVE = YES;
				CLANG_WARN_UNGUARDED_AVAILABILITY = YES_AGGRESSIVE;
				CLANG_WARN_UNREACHABLE_CODE = YES;
				CLANG_WARN__DUPLICATE_METHOD_MATCH = YES;
				COPY_PHASE_STRIP = NO;
				DEBUG_INFORMATION_FORMAT = dwarf;
				ENABLE_STRICT_OBJC_MSGSEND = YES;
				ENABLE_TESTABILITY = YES;
				GCC_C_LANGUAGE_STANDARD = gnu11;
				GCC_DYNAMIC_NO_PIC = NO;
				GCC_NO_COMMON_BLOCKS = YES;
				GCC_OPTIMIZATION_LEVEL = 0;
				GCC_PREPROCESSOR_DEFINITIONS = (
					"DEBUG=1",
					"$(inherited)",
				);
				GCC_WARN_64_TO_32_BIT_CONVERSION = YES;
				GCC_WARN_ABOUT_RETURN_TYPE = YES_ERROR;
				GCC_WARN_UNDECLARED_SELECTOR = YES;
				GCC_WARN_UNINITIALIZED_AUTOS = YES_AGGRESSIVE;
				GCC_WARN_UNUSED_FUNCTION = YES;
				GCC_WARN_UNUSED_VARIABLE = YES;
				IPHONEOS_DEPLOYMENT_TARGET = 13.2;
				MTL_ENABLE_DEBUG_INFO = INCLUDE_SOURCE;
				MTL_FAST_MATH = YES;
				ONLY_ACTIVE_ARCH = YES;
				SDKROOT = iphoneos;
				SWIFT_ACTIVE_COMPILATION_CONDITIONS = DEBUG;
				SWIFT_OPTIMIZATION_LEVEL = "-Onone";
			};
			name = Debug;
		};
		EF942A9C2394567300FEA358 /* Release */ = {
			isa = XCBuildConfiguration;
			buildSettings = {
				ALWAYS_SEARCH_USER_PATHS = NO;
				CLANG_ANALYZER_NONNULL = YES;
				CLANG_ANALYZER_NUMBER_OBJECT_CONVERSION = YES_AGGRESSIVE;
				CLANG_CXX_LANGUAGE_STANDARD = "gnu++14";
				CLANG_CXX_LIBRARY = "libc++";
				CLANG_ENABLE_MODULES = YES;
				CLANG_ENABLE_OBJC_ARC = YES;
				CLANG_ENABLE_OBJC_WEAK = YES;
				CLANG_WARN_BLOCK_CAPTURE_AUTORELEASING = YES;
				CLANG_WARN_BOOL_CONVERSION = YES;
				CLANG_WARN_COMMA = YES;
				CLANG_WARN_CONSTANT_CONVERSION = YES;
				CLANG_WARN_DEPRECATED_OBJC_IMPLEMENTATIONS = YES;
				CLANG_WARN_DIRECT_OBJC_ISA_USAGE = YES_ERROR;
				CLANG_WARN_DOCUMENTATION_COMMENTS = YES;
				CLANG_WARN_EMPTY_BODY = YES;
				CLANG_WARN_ENUM_CONVERSION = YES;
				CLANG_WARN_INFINITE_RECURSION = YES;
				CLANG_WARN_INT_CONVERSION = YES;
				CLANG_WARN_NON_LITERAL_NULL_CONVERSION = YES;
				CLANG_WARN_OBJC_IMPLICIT_RETAIN_SELF = YES;
				CLANG_WARN_OBJC_LITERAL_CONVERSION = YES;
				CLANG_WARN_OBJC_ROOT_CLASS = YES_ERROR;
				CLANG_WARN_RANGE_LOOP_ANALYSIS = YES;
				CLANG_WARN_STRICT_PROTOTYPES = YES;
				CLANG_WARN_SUSPICIOUS_MOVE = YES;
				CLANG_WARN_UNGUARDED_AVAILABILITY = YES_AGGRESSIVE;
				CLANG_WARN_UNREACHABLE_CODE = YES;
				CLANG_WARN__DUPLICATE_METHOD_MATCH = YES;
				COPY_PHASE_STRIP = NO;
				DEBUG_INFORMATION_FORMAT = "dwarf-with-dsym";
				ENABLE_NS_ASSERTIONS = NO;
				ENABLE_STRICT_OBJC_MSGSEND = YES;
				GCC_C_LANGUAGE_STANDARD = gnu11;
				GCC_NO_COMMON_BLOCKS = YES;
				GCC_WARN_64_TO_32_BIT_CONVERSION = YES;
				GCC_WARN_ABOUT_RETURN_TYPE = YES_ERROR;
				GCC_WARN_UNDECLARED_SELECTOR = YES;
				GCC_WARN_UNINITIALIZED_AUTOS = YES_AGGRESSIVE;
				GCC_WARN_UNUSED_FUNCTION = YES;
				GCC_WARN_UNUSED_VARIABLE = YES;
				IPHONEOS_DEPLOYMENT_TARGET = 13.2;
				MTL_ENABLE_DEBUG_INFO = NO;
				MTL_FAST_MATH = YES;
				SDKROOT = iphoneos;
				SWIFT_COMPILATION_MODE = wholemodule;
				SWIFT_OPTIMIZATION_LEVEL = "-O";
				VALIDATE_PRODUCT = YES;
			};
			name = Release;
		};
		EF942A9E2394567300FEA358 /* Debug */ = {
			isa = XCBuildConfiguration;
			buildSettings = {
				ASSETCATALOG_COMPILER_APPICON_NAME = AppIcon;
				CODE_SIGN_STYLE = Automatic;
				DEVELOPMENT_ASSET_PATHS = "\"Test/Preview Content\"";
				DEVELOPMENT_TEAM = 25XJTRU322;
				ENABLE_PREVIEWS = YES;
				INFOPLIST_FILE = Test/Info.plist;
				LD_RUNPATH_SEARCH_PATHS = (
					"$(inherited)",
					"@executable_path/Frameworks",
				);
				PRODUCT_BUNDLE_IDENTIFIER = "cory-traxler.Test";
				PRODUCT_NAME = "$(TARGET_NAME)";
				SWIFT_VERSION = 5.0;
				TARGETED_DEVICE_FAMILY = "1,2";
			};
			name = Debug;
		};
		EF942A9F2394567300FEA358 /* Release */ = {
			isa = XCBuildConfiguration;
			buildSettings = {
				ASSETCATALOG_COMPILER_APPICON_NAME = AppIcon;
				CODE_SIGN_STYLE = Automatic;
				DEVELOPMENT_ASSET_PATHS = "\"Test/Preview Content\"";
				DEVELOPMENT_TEAM = 25XJTRU322;
				ENABLE_PREVIEWS = YES;
				INFOPLIST_FILE = Test/Info.plist;
				LD_RUNPATH_SEARCH_PATHS = (
					"$(inherited)",
					"@executable_path/Frameworks",
				);
				PRODUCT_BUNDLE_IDENTIFIER = "cory-traxler.Test";
				PRODUCT_NAME = "$(TARGET_NAME)";
				SWIFT_VERSION = 5.0;
				TARGETED_DEVICE_FAMILY = "1,2";
			};
			name = Release;
		};
/* End XCBuildConfiguration section */

/* Begin XCConfigurationList section */
		EF942A842394566D00FEA358 /* Build configuration list for PBXProject "Test" */ = {
			isa = XCConfigurationList;
			buildConfigurations = (
				EF942A9B2394567300FEA358 /* Debug */,
				EF942A9C2394567300FEA358 /* Release */,
			);
			defaultConfigurationIsVisible = 0;
			defaultConfigurationName = Release;
		};
		EF942A9D2394567300FEA358 /* Build configuration list for PBXNativeTarget "Test" */ = {
			isa = XCConfigurationList;
			buildConfigurations = (
				EF942A9E2394567300FEA358 /* Debug */,
				EF942A9F2394567300FEA358 /* Release */,
			);
			defaultConfigurationIsVisible = 0;
			defaultConfigurationName = Release;
		};
/* End XCConfigurationList section */
	};
	rootObject = EF942A812394566D00FEA358 /* Project object */;
}
